
Microsoft Visual Studio Solution File, Format Version 12.00
# Visual Studio 15
VisualStudioVersion = 15.0.27428.2043
MinimumVisualStudioVersion = 10.0.40219.1
Project("{FAE04EC0-301F-11D3-BF4B-00C04F79EFBC}") = "Progra4.Interface", "Progra4.Interface\Progra4.Interface.csproj", "{707534B5-72FD-4688-A7C8-AEBFB6A5E328}"
EndProject
Global
	GlobalSection(SolutionConfigurationPlatforms) = preSolution
		Debug|Any CPU = Debug|Any CPU
		Release|Any CPU = Release|Any CPU
	EndGlobalSection
	GlobalSection(ProjectConfigurationPlatforms) = postSolution
		{707534B5-72FD-4688-A7C8-AEBFB6A5E328}.Debug|Any CPU.ActiveCfg = Debug|Any CPU
		{707534B5-72FD-4688-A7C8-AEBFB6A5E328}.Debug|Any CPU.Build.0 = Debug|Any CPU
		{707534B5-72FD-4688-A7C8-AEBFB6A5E328}.Release|Any CPU.ActiveCfg = Release|Any CPU
		{707534B5-72FD-4688-A7C8-AEBFB6A5E328}.Release|Any CPU.Build.0 = Release|Any CPU
	EndGlobalSection
	GlobalSection(SolutionProperties) = preSolution
		HideSolutionNode = FALSE
	EndGlobalSection
	GlobalSection(ExtensibilityGlobals) = postSolution
		SolutionGuid = {CFC1A793-A8D8-4917-A469-0AD6FC964803}
	EndGlobalSection
EndGlobal
