
Microsoft Visual Studio Solution File, Format Version 12.00
# Visual Studio 15
VisualStudioVersion = 15.0.27428.2043
MinimumVisualStudioVersion = 10.0.40219.1
Project("{FAE04EC0-301F-11D3-BF4B-00C04F79EFBC}") = "Model", "Model\Model.csproj", "{851E640F-8BE5-4A4B-A377-9DC4BF915853}"
EndProject
Project("{FAE04EC0-301F-11D3-BF4B-00C04F79EFBC}") = "BL", "BL\BL.csproj", "{CFDFBA62-C4ED-4EFB-8BE4-2FAEDB4750E9}"
EndProject
Global
	GlobalSection(SolutionConfigurationPlatforms) = preSolution
		Debug|Any CPU = Debug|Any CPU
		Release|Any CPU = Release|Any CPU
	EndGlobalSection
	GlobalSection(ProjectConfigurationPlatforms) = postSolution
		{851E640F-8BE5-4A4B-A377-9DC4BF915853}.Debug|Any CPU.ActiveCfg = Debug|Any CPU
		{851E640F-8BE5-4A4B-A377-9DC4BF915853}.Debug|Any CPU.Build.0 = Debug|Any CPU
		{851E640F-8BE5-4A4B-A377-9DC4BF915853}.Release|Any CPU.ActiveCfg = Release|Any CPU
		{851E640F-8BE5-4A4B-A377-9DC4BF915853}.Release|Any CPU.Build.0 = Release|Any CPU
		{CFDFBA62-C4ED-4EFB-8BE4-2FAEDB4750E9}.Debug|Any CPU.ActiveCfg = Debug|Any CPU
		{CFDFBA62-C4ED-4EFB-8BE4-2FAEDB4750E9}.Debug|Any CPU.Build.0 = Debug|Any CPU
		{CFDFBA62-C4ED-4EFB-8BE4-2FAEDB4750E9}.Release|Any CPU.ActiveCfg = Release|Any CPU
		{CFDFBA62-C4ED-4EFB-8BE4-2FAEDB4750E9}.Release|Any CPU.Build.0 = Release|Any CPU
	EndGlobalSection
	GlobalSection(SolutionProperties) = preSolution
		HideSolutionNode = FALSE
	EndGlobalSection
	GlobalSection(ExtensibilityGlobals) = postSolution
		SolutionGuid = {8B3E8547-7877-48D4-A99E-8F4E7DA1CE62}
	EndGlobalSection
EndGlobal
